
Microsoft Visual Studio Solution File, Format Version 12.00
# Visual Studio 15
VisualStudioVersion = 15.0.28307.421
MinimumVisualStudioVersion = 10.0.40219.1
Project("{2150E333-8FDC-42A3-9474-1A3956D46DE8}") = "SRR.UIP.HW8.LandCalculator", "SRR.UIP.HW8.LandCalculator", "{8281ED6F-836B-41CD-88DF-A34134402E78}"
EndProject
Project("{2150E333-8FDC-42A3-9474-1A3956D46DE8}") = "BLL", "BLL", "{E46DD3D5-055A-4E6A-A714-404A12BAC91C}"
EndProject
Project("{2150E333-8FDC-42A3-9474-1A3956D46DE8}") = "DAL", "DAL", "{DEB83878-D92A-45B3-AB9F-0836ECAF9C7A}"
EndProject
Project("{2150E333-8FDC-42A3-9474-1A3956D46DE8}") = "UI", "UI", "{7635DEB6-DA7B-4044-8D9F-B587CC1C6BB6}"
EndProject
Project("{2150E333-8FDC-42A3-9474-1A3956D46DE8}") = "Shared", "Shared", "{CB16EB36-D3C2-4095-9DCF-4CF41EC1CAF6}"
EndProject
Project("{FAE04EC0-301F-11D3-BF4B-00C04F79EFBC}") = "SRR.UIP.HW8.LandCalculator.UIConsole", "SRR.UIP.HW8.LandCalculator.UIConsole\SRR.UIP.HW8.LandCalculator.UIConsole.csproj", "{5FFA24DB-83C2-4FBB-B7C4-27EA7F9B6B1C}"
EndProject
Project("{FAE04EC0-301F-11D3-BF4B-00C04F79EFBC}") = "SRR.UIP.HW8.LandCalculator.Shared", "SRR.UIP.HW8.LandCalculator.Shared\SRR.UIP.HW8.LandCalculator.Shared.csproj", "{0C58962F-351D-45BE-A134-121D7F03ED8B}"
EndProject
Project("{FAE04EC0-301F-11D3-BF4B-00C04F79EFBC}") = "SRR.UIP.HW8.LandCalculator.DAL", "SRR.UIP.HW8.LandCalculator.DAL\SRR.UIP.HW8.LandCalculator.DAL.csproj", "{F7CCFA11-A643-462D-869B-7916900ACE5E}"
EndProject
Project("{FAE04EC0-301F-11D3-BF4B-00C04F79EFBC}") = "SRR.UIP.HW8.LandCalculator.BLL", "SRR.UIP.HW8.LandCalculator.BLL\SRR.UIP.HW8.LandCalculator.BLL.csproj", "{8D6F7EE7-23B1-455B-82CE-6DB1BC1EB4E0}"
EndProject
Global
	GlobalSection(SolutionConfigurationPlatforms) = preSolution
		Debug|Any CPU = Debug|Any CPU
		Release|Any CPU = Release|Any CPU
	EndGlobalSection
	GlobalSection(ProjectConfigurationPlatforms) = postSolution
		{5FFA24DB-83C2-4FBB-B7C4-27EA7F9B6B1C}.Debug|Any CPU.ActiveCfg = Debug|Any CPU
		{5FFA24DB-83C2-4FBB-B7C4-27EA7F9B6B1C}.Debug|Any CPU.Build.0 = Debug|Any CPU
		{5FFA24DB-83C2-4FBB-B7C4-27EA7F9B6B1C}.Release|Any CPU.ActiveCfg = Release|Any CPU
		{5FFA24DB-83C2-4FBB-B7C4-27EA7F9B6B1C}.Release|Any CPU.Build.0 = Release|Any CPU
		{0C58962F-351D-45BE-A134-121D7F03ED8B}.Debug|Any CPU.ActiveCfg = Debug|Any CPU
		{0C58962F-351D-45BE-A134-121D7F03ED8B}.Debug|Any CPU.Build.0 = Debug|Any CPU
		{0C58962F-351D-45BE-A134-121D7F03ED8B}.Release|Any CPU.ActiveCfg = Release|Any CPU
		{0C58962F-351D-45BE-A134-121D7F03ED8B}.Release|Any CPU.Build.0 = Release|Any CPU
		{F7CCFA11-A643-462D-869B-7916900ACE5E}.Debug|Any CPU.ActiveCfg = Debug|Any CPU
		{F7CCFA11-A643-462D-869B-7916900ACE5E}.Debug|Any CPU.Build.0 = Debug|Any CPU
		{F7CCFA11-A643-462D-869B-7916900ACE5E}.Release|Any CPU.ActiveCfg = Release|Any CPU
		{F7CCFA11-A643-462D-869B-7916900ACE5E}.Release|Any CPU.Build.0 = Release|Any CPU
		{8D6F7EE7-23B1-455B-82CE-6DB1BC1EB4E0}.Debug|Any CPU.ActiveCfg = Debug|Any CPU
		{8D6F7EE7-23B1-455B-82CE-6DB1BC1EB4E0}.Debug|Any CPU.Build.0 = Debug|Any CPU
		{8D6F7EE7-23B1-455B-82CE-6DB1BC1EB4E0}.Release|Any CPU.ActiveCfg = Release|Any CPU
		{8D6F7EE7-23B1-455B-82CE-6DB1BC1EB4E0}.Release|Any CPU.Build.0 = Release|Any CPU
	EndGlobalSection
	GlobalSection(SolutionProperties) = preSolution
		HideSolutionNode = FALSE
	EndGlobalSection
	GlobalSection(NestedProjects) = preSolution
		{E46DD3D5-055A-4E6A-A714-404A12BAC91C} = {8281ED6F-836B-41CD-88DF-A34134402E78}
		{DEB83878-D92A-45B3-AB9F-0836ECAF9C7A} = {8281ED6F-836B-41CD-88DF-A34134402E78}
		{7635DEB6-DA7B-4044-8D9F-B587CC1C6BB6} = {8281ED6F-836B-41CD-88DF-A34134402E78}
		{CB16EB36-D3C2-4095-9DCF-4CF41EC1CAF6} = {8281ED6F-836B-41CD-88DF-A34134402E78}
		{5FFA24DB-83C2-4FBB-B7C4-27EA7F9B6B1C} = {7635DEB6-DA7B-4044-8D9F-B587CC1C6BB6}
		{0C58962F-351D-45BE-A134-121D7F03ED8B} = {CB16EB36-D3C2-4095-9DCF-4CF41EC1CAF6}
		{F7CCFA11-A643-462D-869B-7916900ACE5E} = {DEB83878-D92A-45B3-AB9F-0836ECAF9C7A}
		{8D6F7EE7-23B1-455B-82CE-6DB1BC1EB4E0} = {E46DD3D5-055A-4E6A-A714-404A12BAC91C}
	EndGlobalSection
	GlobalSection(ExtensibilityGlobals) = postSolution
		SolutionGuid = {A8C60338-7F74-497D-B01D-DE99834503E8}
	EndGlobalSection
EndGlobal
