
Microsoft Visual Studio Solution File, Format Version 12.00
# Visual Studio 15
VisualStudioVersion = 15.0.28307.421
MinimumVisualStudioVersion = 10.0.40219.1
Project("{2150E333-8FDC-42A3-9474-1A3956D46DE8}") = "SRR.UIP.HW9.LandCalculator.BLL", "SRR.UIP.HW9.LandCalculator.BLL", "{65837704-2CED-4E4A-941B-594097DCD2B8}"
EndProject
Project("{2150E333-8FDC-42A3-9474-1A3956D46DE8}") = "SRR.UIP.HW9.LandCalculator.DAL", "SRR.UIP.HW9.LandCalculator.DAL", "{987EBA65-5E23-425C-8383-BDAF30BD090B}"
EndProject
Project("{2150E333-8FDC-42A3-9474-1A3956D46DE8}") = "SRR.UIP.HW9.LandCalculator.Shared", "SRR.UIP.HW9.LandCalculator.Shared", "{97B3FA42-47A5-49D2-BC21-4C76A259076F}"
EndProject
Project("{2150E333-8FDC-42A3-9474-1A3956D46DE8}") = "SRR.UIP.HW9.LandCalculator.UI", "SRR.UIP.HW9.LandCalculator.UI", "{87BFDA84-F749-45C8-9170-06E272481D5C}"
EndProject
Project("{2150E333-8FDC-42A3-9474-1A3956D46DE8}") = "SRR.UIP.HW9.LandCalculator.UI.ConsoleUI", "SRR.UIP.HW9.LandCalculator.UI.ConsoleUI", "{8D05CDD1-55FA-4AC8-8952-990F5CA8F62F}"
EndProject
Project("{FAE04EC0-301F-11D3-BF4B-00C04F79EFBC}") = "SRR.UIP.HW9.LandCalculator.UI.ConsoleUI", "SRR.UIP.HW9.LandCalculator.UI.ConsoleUI\SRR.UIP.HW9.LandCalculator.UI.ConsoleUI.csproj", "{82A96B20-6967-4031-9F87-09039488FD68}"
EndProject
Project("{2150E333-8FDC-42A3-9474-1A3956D46DE8}") = "SRR.UIP.HW9.LandCalculator.UI.WPFUI", "SRR.UIP.HW9.LandCalculator.UI.WPFUI", "{E8BFA1DF-1390-4223-9243-8B0CAD02A0CD}"
EndProject
Project("{FAE04EC0-301F-11D3-BF4B-00C04F79EFBC}") = "SRR.UIP.HW9.LandCalculator.UI.WPFUI", "SRR.UIP.HW9.LandCalculator.UI.WPFUI\SRR.UIP.HW9.LandCalculator.UI.WPFUI.csproj", "{6CDDF640-8223-4CA4-A036-06308F412485}"
EndProject
Project("{FAE04EC0-301F-11D3-BF4B-00C04F79EFBC}") = "SRR.UIP.HW9.LandCalculator.Shared", "SRR.UIP.HW9.LandCalculator.Shared\SRR.UIP.HW9.LandCalculator.Shared.csproj", "{E1630E8F-49B3-40BE-B333-D9654FBAF601}"
EndProject
Project("{FAE04EC0-301F-11D3-BF4B-00C04F79EFBC}") = "SRR.UIP.HW9.LandCalculator.DAL", "SRR.UIP.HW9.LandCalculator.DAL\SRR.UIP.HW9.LandCalculator.DAL.csproj", "{68230DB5-B572-4CF3-A2CC-0DBA2D6EDE47}"
EndProject
Project("{FAE04EC0-301F-11D3-BF4B-00C04F79EFBC}") = "SRR.UIP.HW9.LandCalculator.BLL", "SRR.UIP.HW9.LandCalculator.BLL\SRR.UIP.HW9.LandCalculator.BLL.csproj", "{1DAC24D5-CC35-4DC5-95A6-2F45F8A552DB}"
EndProject
Global
	GlobalSection(SolutionConfigurationPlatforms) = preSolution
		Debug|Any CPU = Debug|Any CPU
		Release|Any CPU = Release|Any CPU
	EndGlobalSection
	GlobalSection(ProjectConfigurationPlatforms) = postSolution
		{82A96B20-6967-4031-9F87-09039488FD68}.Debug|Any CPU.ActiveCfg = Debug|Any CPU
		{82A96B20-6967-4031-9F87-09039488FD68}.Debug|Any CPU.Build.0 = Debug|Any CPU
		{82A96B20-6967-4031-9F87-09039488FD68}.Release|Any CPU.ActiveCfg = Release|Any CPU
		{82A96B20-6967-4031-9F87-09039488FD68}.Release|Any CPU.Build.0 = Release|Any CPU
		{6CDDF640-8223-4CA4-A036-06308F412485}.Debug|Any CPU.ActiveCfg = Debug|Any CPU
		{6CDDF640-8223-4CA4-A036-06308F412485}.Debug|Any CPU.Build.0 = Debug|Any CPU
		{6CDDF640-8223-4CA4-A036-06308F412485}.Release|Any CPU.ActiveCfg = Release|Any CPU
		{6CDDF640-8223-4CA4-A036-06308F412485}.Release|Any CPU.Build.0 = Release|Any CPU
		{E1630E8F-49B3-40BE-B333-D9654FBAF601}.Debug|Any CPU.ActiveCfg = Debug|Any CPU
		{E1630E8F-49B3-40BE-B333-D9654FBAF601}.Debug|Any CPU.Build.0 = Debug|Any CPU
		{E1630E8F-49B3-40BE-B333-D9654FBAF601}.Release|Any CPU.ActiveCfg = Release|Any CPU
		{E1630E8F-49B3-40BE-B333-D9654FBAF601}.Release|Any CPU.Build.0 = Release|Any CPU
		{68230DB5-B572-4CF3-A2CC-0DBA2D6EDE47}.Debug|Any CPU.ActiveCfg = Debug|Any CPU
		{68230DB5-B572-4CF3-A2CC-0DBA2D6EDE47}.Debug|Any CPU.Build.0 = Debug|Any CPU
		{68230DB5-B572-4CF3-A2CC-0DBA2D6EDE47}.Release|Any CPU.ActiveCfg = Release|Any CPU
		{68230DB5-B572-4CF3-A2CC-0DBA2D6EDE47}.Release|Any CPU.Build.0 = Release|Any CPU
		{1DAC24D5-CC35-4DC5-95A6-2F45F8A552DB}.Debug|Any CPU.ActiveCfg = Debug|Any CPU
		{1DAC24D5-CC35-4DC5-95A6-2F45F8A552DB}.Debug|Any CPU.Build.0 = Debug|Any CPU
		{1DAC24D5-CC35-4DC5-95A6-2F45F8A552DB}.Release|Any CPU.ActiveCfg = Release|Any CPU
		{1DAC24D5-CC35-4DC5-95A6-2F45F8A552DB}.Release|Any CPU.Build.0 = Release|Any CPU
	EndGlobalSection
	GlobalSection(SolutionProperties) = preSolution
		HideSolutionNode = FALSE
	EndGlobalSection
	GlobalSection(NestedProjects) = preSolution
		{8D05CDD1-55FA-4AC8-8952-990F5CA8F62F} = {87BFDA84-F749-45C8-9170-06E272481D5C}
		{82A96B20-6967-4031-9F87-09039488FD68} = {8D05CDD1-55FA-4AC8-8952-990F5CA8F62F}
		{E8BFA1DF-1390-4223-9243-8B0CAD02A0CD} = {87BFDA84-F749-45C8-9170-06E272481D5C}
		{6CDDF640-8223-4CA4-A036-06308F412485} = {E8BFA1DF-1390-4223-9243-8B0CAD02A0CD}
		{E1630E8F-49B3-40BE-B333-D9654FBAF601} = {97B3FA42-47A5-49D2-BC21-4C76A259076F}
		{68230DB5-B572-4CF3-A2CC-0DBA2D6EDE47} = {987EBA65-5E23-425C-8383-BDAF30BD090B}
		{1DAC24D5-CC35-4DC5-95A6-2F45F8A552DB} = {65837704-2CED-4E4A-941B-594097DCD2B8}
	EndGlobalSection
	GlobalSection(ExtensibilityGlobals) = postSolution
		SolutionGuid = {A8C60338-7F74-497D-B01D-DE99834503E8}
	EndGlobalSection
EndGlobal
